
Microsoft Visual Studio Solution File, Format Version 12.00
# Visual Studio 15
VisualStudioVersion = 15.0.27703.2026
MinimumVisualStudioVersion = 10.0.40219.1
Project("{FAE04EC0-301F-11D3-BF4B-00C04F79EFBC}") = "ApplicantPortal", "ApplicantPortal\ApplicantPortal.csproj", "{61F075F2-EAB9-43A1-BE4E-FE313DB177C9}"
EndProject
Global
	GlobalSection(SolutionConfigurationPlatforms) = preSolution
		Debug|Any CPU = Debug|Any CPU
		Release|Any CPU = Release|Any CPU
	EndGlobalSection
	GlobalSection(ProjectConfigurationPlatforms) = postSolution
		{61F075F2-EAB9-43A1-BE4E-FE313DB177C9}.Debug|Any CPU.ActiveCfg = Debug|Any CPU
		{61F075F2-EAB9-43A1-BE4E-FE313DB177C9}.Debug|Any CPU.Build.0 = Debug|Any CPU
		{61F075F2-EAB9-43A1-BE4E-FE313DB177C9}.Release|Any CPU.ActiveCfg = Release|Any CPU
		{61F075F2-EAB9-43A1-BE4E-FE313DB177C9}.Release|Any CPU.Build.0 = Release|Any CPU
	EndGlobalSection
	GlobalSection(SolutionProperties) = preSolution
		HideSolutionNode = FALSE
	EndGlobalSection
	GlobalSection(ExtensibilityGlobals) = postSolution
		SolutionGuid = {A28AD57B-97BF-4311-8965-B24DAFA6F85C}
	EndGlobalSection
EndGlobal
